// !$*UTF8*$!
{
	archiveVersion = 1;
	classes = {
	};
	objectVersion = 56;
	objects = {

/* Begin PBXBuildFile section */
		CCA9E3722A93FF8400F570FA /* SnacktacularUIApp.swift in Sources */ = {isa = PBXBuildFile; fileRef = CCA9E3712A93FF8400F570FA /* SnacktacularUIApp.swift */; };
		CCA9E3742A93FF8400F570FA /* ContentView.swift in Sources */ = {isa = PBXBuildFile; fileRef = CCA9E3732A93FF8400F570FA /* ContentView.swift */; };
		CCA9E3762A93FF8600F570FA /* Assets.xcassets in Resources */ = {isa = PBXBuildFile; fileRef = CCA9E3752A93FF8600F570FA /* Assets.xcassets */; };
		CCA9E3792A93FF8600F570FA /* Preview Assets.xcassets in Resources */ = {isa = PBXBuildFile; fileRef = CCA9E3782A93FF8600F570FA /* Preview Assets.xcassets */; };
		CCA9E3822A9403BF00F570FA /* FirebaseAuth in Frameworks */ = {isa = PBXBuildFile; productRef = CCA9E3812A9403BF00F570FA /* FirebaseAuth */; };
		CCA9E3842A9403BF00F570FA /* FirebaseFirestore in Frameworks */ = {isa = PBXBuildFile; productRef = CCA9E3832A9403BF00F570FA /* FirebaseFirestore */; };
		CCA9E3862A9403BF00F570FA /* FirebaseFirestoreSwift in Frameworks */ = {isa = PBXBuildFile; productRef = CCA9E3852A9403BF00F570FA /* FirebaseFirestoreSwift */; };
		CCA9E3882A9403BF00F570FA /* FirebaseStorage in Frameworks */ = {isa = PBXBuildFile; productRef = CCA9E3872A9403BF00F570FA /* FirebaseStorage */; };
		CCA9E38A2A94070500F570FA /* GoogleService-Info.plist in Resources */ = {isa = PBXBuildFile; fileRef = CCA9E3892A94070500F570FA /* GoogleService-Info.plist */; };
/* End PBXBuildFile section */

/* Begin PBXFileReference section */
		CCA9E36E2A93FF8400F570FA /* SnacktacularUI.app */ = {isa = PBXFileReference; explicitFileType = wrapper.application; includeInIndex = 0; path = SnacktacularUI.app; sourceTree = BUILT_PRODUCTS_DIR; };
		CCA9E3712A93FF8400F570FA /* SnacktacularUIApp.swift */ = {isa = PBXFileReference; lastKnownFileType = sourcecode.swift; path = SnacktacularUIApp.swift; sourceTree = "<group>"; };
		CCA9E3732A93FF8400F570FA /* ContentView.swift */ = {isa = PBXFileReference; lastKnownFileType = sourcecode.swift; path = ContentView.swift; sourceTree = "<group>"; };
		CCA9E3752A93FF8600F570FA /* Assets.xcassets */ = {isa = PBXFileReference; lastKnownFileType = folder.assetcatalog; path = Assets.xcassets; sourceTree = "<group>"; };
		CCA9E3782A93FF8600F570FA /* Preview Assets.xcassets */ = {isa = PBXFileReference; lastKnownFileType = folder.assetcatalog; path = "Preview Assets.xcassets"; sourceTree = "<group>"; };
		CCA9E37F2A94003B00F570FA /* Info.plist */ = {isa = PBXFileReference; lastKnownFileType = text.plist; path = Info.plist; sourceTree = "<group>"; };
		CCA9E3892A94070500F570FA /* GoogleService-Info.plist */ = {isa = PBXFileReference; fileEncoding = 4; lastKnownFileType = text.plist.xml; path = "GoogleService-Info.plist"; sourceTree = "<group>"; };
/* End PBXFileReference section */

/* Begin PBXFrameworksBuildPhase section */
		CCA9E36B2A93FF8400F570FA /* Frameworks */ = {
			isa = PBXFrameworksBuildPhase;
			buildActionMask = 2147483647;
			files = (
				CCA9E3822A9403BF00F570FA /* FirebaseAuth in Frameworks */,
				CCA9E3882A9403BF00F570FA /* FirebaseStorage in Frameworks */,
				CCA9E3842A9403BF00F570FA /* FirebaseFirestore in Frameworks */,
				CCA9E3862A9403BF00F570FA /* FirebaseFirestoreSwift in Frameworks */,
			);
			runOnlyForDeploymentPostprocessing = 0;
		};
/* End PBXFrameworksBuildPhase section */

/* Begin PBXGroup section */
		CCA9E3652A93FF8400F570FA = {
			isa = PBXGroup;
			children = (
				CCA9E3702A93FF8400F570FA /* SnacktacularUI */,
				CCA9E36F2A93FF8400F570FA /* Products */,
			);
			sourceTree = "<group>";
		};
		CCA9E36F2A93FF8400F570FA /* Products */ = {
			isa = PBXGroup;
			children = (
				CCA9E36E2A93FF8400F570FA /* SnacktacularUI.app */,
			);
			name = Products;
			sourceTree = "<group>";
		};
		CCA9E3702A93FF8400F570FA /* SnacktacularUI */ = {
			isa = PBXGroup;
			children = (
				CCA9E37F2A94003B00F570FA /* Info.plist */,
				CCA9E3712A93FF8400F570FA /* SnacktacularUIApp.swift */,
				CCA9E3732A93FF8400F570FA /* ContentView.swift */,
				CCA9E3752A93FF8600F570FA /* Assets.xcassets */,
				CCA9E3892A94070500F570FA /* GoogleService-Info.plist */,
				CCA9E3772A93FF8600F570FA /* Preview Content */,
			);
			path = SnacktacularUI;
			sourceTree = "<group>";
		};
		CCA9E3772A93FF8600F570FA /* Preview Content */ = {
			isa = PBXGroup;
			children = (
				CCA9E3782A93FF8600F570FA /* Preview Assets.xcassets */,
			);
			path = "Preview Content";
			sourceTree = "<group>";
		};
/* End PBXGroup section */

/* Begin PBXNativeTarget section */
		CCA9E36D2A93FF8400F570FA /* SnacktacularUI */ = {
			isa = PBXNativeTarget;
			buildConfigurationList = CCA9E37C2A93FF8600F570FA /* Build configuration list for PBXNativeTarget "SnacktacularUI" */;
			buildPhases = (
				CCA9E36A2A93FF8400F570FA /* Sources */,
				CCA9E36B2A93FF8400F570FA /* Frameworks */,
				CCA9E36C2A93FF8400F570FA /* Resources */,
			);
			buildRules = (
			);
			dependencies = (
			);
			name = SnacktacularUI;
			packageProductDependencies = (
				CCA9E3812A9403BF00F570FA /* FirebaseAuth */,
				CCA9E3832A9403BF00F570FA /* FirebaseFirestore */,
				CCA9E3852A9403BF00F570FA /* FirebaseFirestoreSwift */,
				CCA9E3872A9403BF00F570FA /* FirebaseStorage */,
			);
			productName = SnacktacularUI;
			productReference = CCA9E36E2A93FF8400F570FA /* SnacktacularUI.app */;
			productType = "com.apple.product-type.application";
		};
/* End PBXNativeTarget section */

/* Begin PBXProject section */
		CCA9E3662A93FF8400F570FA /* Project object */ = {
			isa = PBXProject;
			attributes = {
				BuildIndependentTargetsInParallel = 1;
				LastSwiftUpdateCheck = 1430;
				LastUpgradeCheck = 1430;
				TargetAttributes = {
					CCA9E36D2A93FF8400F570FA = {
						CreatedOnToolsVersion = 14.3.1;
					};
				};
			};
			buildConfigurationList = CCA9E3692A93FF8400F570FA /* Build configuration list for PBXProject "SnacktacularUI" */;
			compatibilityVersion = "Xcode 14.0";
			developmentRegion = en;
			hasScannedForEncodings = 0;
			knownRegions = (
				en,
				Base,
			);
			mainGroup = CCA9E3652A93FF8400F570FA;
			packageReferences = (
				CCA9E3802A9403BF00F570FA /* XCRemoteSwiftPackageReference "firebase-ios-sdk" */,
			);
			productRefGroup = CCA9E36F2A93FF8400F570FA /* Products */;
			projectDirPath = "";
			projectRoot = "";
			targets = (
				CCA9E36D2A93FF8400F570FA /* SnacktacularUI */,
			);
		};
/* End PBXProject section */

/* Begin PBXResourcesBuildPhase section */
		CCA9E36C2A93FF8400F570FA /* Resources */ = {
			isa = PBXResourcesBuildPhase;
			buildActionMask = 2147483647;
			files = (
				CCA9E3792A93FF8600F570FA /* Preview Assets.xcassets in Resources */,
				CCA9E3762A93FF8600F570FA /* Assets.xcassets in Resources */,
				CCA9E38A2A94070500F570FA /* GoogleService-Info.plist in Resources */,
			);
			runOnlyForDeploymentPostprocessing = 0;
		};
/* End PBXResourcesBuildPhase section */

/* Begin PBXSourcesBuildPhase section */
		CCA9E36A2A93FF8400F570FA /* Sources */ = {
			isa = PBXSourcesBuildPhase;
			buildActionMask = 2147483647;
			files = (
				CCA9E3742A93FF8400F570FA /* ContentView.swift in Sources */,
				CCA9E3722A93FF8400F570FA /* SnacktacularUIApp.swift in Sources */,
			);
			runOnlyForDeploymentPostprocessing = 0;
		};
/* End PBXSourcesBuildPhase section */

/* Begin XCBuildConfiguration section */
		CCA9E37A2A93FF8600F570FA /* Debug */ = {
			isa = XCBuildConfiguration;
			buildSettings = {
				ALWAYS_SEARCH_USER_PATHS = NO;
				CLANG_ANALYZER_NONNULL = YES;
				CLANG_ANALYZER_NUMBER_OBJECT_CONVERSION = YES_AGGRESSIVE;
				CLANG_CXX_LANGUAGE_STANDARD = "gnu++20";
				CLANG_ENABLE_MODULES = YES;
				CLANG_ENABLE_OBJC_ARC = YES;
				CLANG_ENABLE_OBJC_WEAK = YES;
				CLANG_WARN_BLOCK_CAPTURE_AUTORELEASING = YES;
				CLANG_WARN_BOOL_CONVERSION = YES;
				CLANG_WARN_COMMA = YES;
				CLANG_WARN_CONSTANT_CONVERSION = YES;
				CLANG_WARN_DEPRECATED_OBJC_IMPLEMENTATIONS = YES;
				CLANG_WARN_DIRECT_OBJC_ISA_USAGE = YES_ERROR;
				CLANG_WARN_DOCUMENTATION_COMMENTS = YES;
				CLANG_WARN_EMPTY_BODY = YES;
				CLANG_WARN_ENUM_CONVERSION = YES;
				CLANG_WARN_INFINITE_RECURSION = YES;
				CLANG_WARN_INT_CONVERSION = YES;
				CLANG_WARN_NON_LITERAL_NULL_CONVERSION = YES;
				CLANG_WARN_OBJC_IMPLICIT_RETAIN_SELF = YES;
				CLANG_WARN_OBJC_LITERAL_CONVERSION = YES;
				CLANG_WARN_OBJC_ROOT_CLASS = YES_ERROR;
				CLANG_WARN_QUOTED_INCLUDE_IN_FRAMEWORK_HEADER = YES;
				CLANG_WARN_RANGE_LOOP_ANALYSIS = YES;
				CLANG_WARN_STRICT_PROTOTYPES = YES;
				CLANG_WARN_SUSPICIOUS_MOVE = YES;
				CLANG_WARN_UNGUARDED_AVAILABILITY = YES_AGGRESSIVE;
				CLANG_WARN_UNREACHABLE_CODE = YES;
				CLANG_WARN__DUPLICATE_METHOD_MATCH = YES;
				COPY_PHASE_STRIP = NO;
				DEBUG_INFORMATION_FORMAT = dwarf;
				ENABLE_STRICT_OBJC_MSGSEND = YES;
				ENABLE_TESTABILITY = YES;
				GCC_C_LANGUAGE_STANDARD = gnu11;
				GCC_DYNAMIC_NO_PIC = NO;
				GCC_NO_COMMON_BLOCKS = YES;
				GCC_OPTIMIZATION_LEVEL = 0;
				GCC_PREPROCESSOR_DEFINITIONS = (
					"DEBUG=1",
					"$(inherited)",
				);
				GCC_WARN_64_TO_32_BIT_CONVERSION = YES;
				GCC_WARN_ABOUT_RETURN_TYPE = YES_ERROR;
				GCC_WARN_UNDECLARED_SELECTOR = YES;
				GCC_WARN_UNINITIALIZED_AUTOS = YES_AGGRESSIVE;
				GCC_WARN_UNUSED_FUNCTION = YES;
				GCC_WARN_UNUSED_VARIABLE = YES;
				IPHONEOS_DEPLOYMENT_TARGET = 16.4;
				MTL_ENABLE_DEBUG_INFO = INCLUDE_SOURCE;
				MTL_FAST_MATH = YES;
				ONLY_ACTIVE_ARCH = YES;
				SDKROOT = iphoneos;
				SWIFT_ACTIVE_COMPILATION_CONDITIONS = DEBUG;
				SWIFT_OPTIMIZATION_LEVEL = "-Onone";
			};
			name = Debug;
		};
		CCA9E37B2A93FF8600F570FA /* Release */ = {
			isa = XCBuildConfiguration;
			buildSettings = {
				ALWAYS_SEARCH_USER_PATHS = NO;
				CLANG_ANALYZER_NONNULL = YES;
				CLANG_ANALYZER_NUMBER_OBJECT_CONVERSION = YES_AGGRESSIVE;
				CLANG_CXX_LANGUAGE_STANDARD = "gnu++20";
				CLANG_ENABLE_MODULES = YES;
				CLANG_ENABLE_OBJC_ARC = YES;
				CLANG_ENABLE_OBJC_WEAK = YES;
				CLANG_WARN_BLOCK_CAPTURE_AUTORELEASING = YES;
				CLANG_WARN_BOOL_CONVERSION = YES;
				CLANG_WARN_COMMA = YES;
				CLANG_WARN_CONSTANT_CONVERSION = YES;
				CLANG_WARN_DEPRECATED_OBJC_IMPLEMENTATIONS = YES;
				CLANG_WARN_DIRECT_OBJC_ISA_USAGE = YES_ERROR;
				CLANG_WARN_DOCUMENTATION_COMMENTS = YES;
				CLANG_WARN_EMPTY_BODY = YES;
				CLANG_WARN_ENUM_CONVERSION = YES;
				CLANG_WARN_INFINITE_RECURSION = YES;
				CLANG_WARN_INT_CONVERSION = YES;
				CLANG_WARN_NON_LITERAL_NULL_CONVERSION = YES;
				CLANG_WARN_OBJC_IMPLICIT_RETAIN_SELF = YES;
				CLANG_WARN_OBJC_LITERAL_CONVERSION = YES;
				CLANG_WARN_OBJC_ROOT_CLASS = YES_ERROR;
				CLANG_WARN_QUOTED_INCLUDE_IN_FRAMEWORK_HEADER = YES;
				CLANG_WARN_RANGE_LOOP_ANALYSIS = YES;
				CLANG_WARN_STRICT_PROTOTYPES = YES;
				CLANG_WARN_SUSPICIOUS_MOVE = YES;
				CLANG_WARN_UNGUARDED_AVAILABILITY = YES_AGGRESSIVE;
				CLANG_WARN_UNREACHABLE_CODE = YES;
				CLANG_WARN__DUPLICATE_METHOD_MATCH = YES;
				COPY_PHASE_STRIP = NO;
				DEBUG_INFORMATION_FORMAT = "dwarf-with-dsym";
				ENABLE_NS_ASSERTIONS = NO;
				ENABLE_STRICT_OBJC_MSGSEND = YES;
				GCC_C_LANGUAGE_STANDARD = gnu11;
				GCC_NO_COMMON_BLOCKS = YES;
				GCC_WARN_64_TO_32_BIT_CONVERSION = YES;
				GCC_WARN_ABOUT_RETURN_TYPE = YES_ERROR;
				GCC_WARN_UNDECLARED_SELECTOR = YES;
				GCC_WARN_UNINITIALIZED_AUTOS = YES_AGGRESSIVE;
				GCC_WARN_UNUSED_FUNCTION = YES;
				GCC_WARN_UNUSED_VARIABLE = YES;
				IPHONEOS_DEPLOYMENT_TARGET = 16.4;
				MTL_ENABLE_DEBUG_INFO = NO;
				MTL_FAST_MATH = YES;
				SDKROOT = iphoneos;
				SWIFT_COMPILATION_MODE = wholemodule;
				SWIFT_OPTIMIZATION_LEVEL = "-O";
				VALIDATE_PRODUCT = YES;
			};
			name = Release;
		};
		CCA9E37D2A93FF8600F570FA /* Debug */ = {
			isa = XCBuildConfiguration;
			buildSettings = {
				ASSETCATALOG_COMPILER_APPICON_NAME = AppIcon;
				ASSETCATALOG_COMPILER_GLOBAL_ACCENT_COLOR_NAME = AccentColor;
				CODE_SIGN_STYLE = Automatic;
				CURRENT_PROJECT_VERSION = 1;
				DEVELOPMENT_ASSET_PATHS = "\"SnacktacularUI/Preview Content\"";
				DEVELOPMENT_TEAM = 664FMHC4VF;
				ENABLE_PREVIEWS = YES;
				GENERATE_INFOPLIST_FILE = YES;
				INFOPLIST_FILE = SnacktacularUI/Info.plist;
				INFOPLIST_KEY_CFBundleDisplayName = Snacktacular;
				INFOPLIST_KEY_UIApplicationSceneManifest_Generation = YES;
				INFOPLIST_KEY_UIApplicationSupportsIndirectInputEvents = YES;
				INFOPLIST_KEY_UISupportedInterfaceOrientations_iPad = "UIInterfaceOrientationPortrait UIInterfaceOrientationPortraitUpsideDown UIInterfaceOrientationLandscapeLeft UIInterfaceOrientationLandscapeRight";
				INFOPLIST_KEY_UISupportedInterfaceOrientations_iPhone = "UIInterfaceOrientationPortrait UIInterfaceOrientationLandscapeLeft UIInterfaceOrientationLandscapeRight";
				LD_RUNPATH_SEARCH_PATHS = (
					"$(inherited)",
					"@executable_path/Frameworks",
				);
				MARKETING_VERSION = 1.0;
				PRODUCT_BUNDLE_IDENTIFIER = None.SnacktacularUI;
				PRODUCT_NAME = "$(TARGET_NAME)";
				SWIFT_EMIT_LOC_STRINGS = YES;
				SWIFT_VERSION = 5.0;
				TARGETED_DEVICE_FAMILY = "1,2";
			};
			name = Debug;
		};
		CCA9E37E2A93FF8600F570FA /* Release */ = {
			isa = XCBuildConfiguration;
			buildSettings = {
				ASSETCATALOG_COMPILER_APPICON_NAME = AppIcon;
				ASSETCATALOG_COMPILER_GLOBAL_ACCENT_COLOR_NAME = AccentColor;
				CODE_SIGN_STYLE = Automatic;
				CURRENT_PROJECT_VERSION = 1;
				DEVELOPMENT_ASSET_PATHS = "\"SnacktacularUI/Preview Content\"";
				DEVELOPMENT_TEAM = 664FMHC4VF;
				ENABLE_PREVIEWS = YES;
				GENERATE_INFOPLIST_FILE = YES;
				INFOPLIST_FILE = SnacktacularUI/Info.plist;
				INFOPLIST_KEY_CFBundleDisplayName = Snacktacular;
				INFOPLIST_KEY_UIApplicationSceneManifest_Generation = YES;
				INFOPLIST_KEY_UIApplicationSupportsIndirectInputEvents = YES;
				INFOPLIST_KEY_UISupportedInterfaceOrientations_iPad = "UIInterfaceOrientationPortrait UIInterfaceOrientationPortraitUpsideDown UIInterfaceOrientationLandscapeLeft UIInterfaceOrientationLandscapeRight";
				INFOPLIST_KEY_UISupportedInterfaceOrientations_iPhone = "UIInterfaceOrientationPortrait UIInterfaceOrientationLandscapeLeft UIInterfaceOrientationLandscapeRight";
				LD_RUNPATH_SEARCH_PATHS = (
					"$(inherited)",
					"@executable_path/Frameworks",
				);
				MARKETING_VERSION = 1.0;
				PRODUCT_BUNDLE_IDENTIFIER = None.SnacktacularUI;
				PRODUCT_NAME = "$(TARGET_NAME)";
				SWIFT_EMIT_LOC_STRINGS = YES;
				SWIFT_VERSION = 5.0;
				TARGETED_DEVICE_FAMILY = "1,2";
			};
			name = Release;
		};
/* End XCBuildConfiguration section */

/* Begin XCConfigurationList section */
		CCA9E3692A93FF8400F570FA /* Build configuration list for PBXProject "SnacktacularUI" */ = {
			isa = XCConfigurationList;
			buildConfigurations = (
				CCA9E37A2A93FF8600F570FA /* Debug */,
				CCA9E37B2A93FF8600F570FA /* Release */,
			);
			defaultConfigurationIsVisible = 0;
			defaultConfigurationName = Release;
		};
		CCA9E37C2A93FF8600F570FA /* Build configuration list for PBXNativeTarget "SnacktacularUI" */ = {
			isa = XCConfigurationList;
			buildConfigurations = (
				CCA9E37D2A93FF8600F570FA /* Debug */,
				CCA9E37E2A93FF8600F570FA /* Release */,
			);
			defaultConfigurationIsVisible = 0;
			defaultConfigurationName = Release;
		};
/* End XCConfigurationList section */

/* Begin XCRemoteSwiftPackageReference section */
		CCA9E3802A9403BF00F570FA /* XCRemoteSwiftPackageReference "firebase-ios-sdk" */ = {
			isa = XCRemoteSwiftPackageReference;
			repositoryURL = "https://github.com/firebase/firebase-ios-sdk";
			requirement = {
				kind = upToNextMajorVersion;
				minimumVersion = 10.0.0;
			};
		};
/* End XCRemoteSwiftPackageReference section */

/* Begin XCSwiftPackageProductDependency section */
		CCA9E3812A9403BF00F570FA /* FirebaseAuth */ = {
			isa = XCSwiftPackageProductDependency;
			package = CCA9E3802A9403BF00F570FA /* XCRemoteSwiftPackageReference "firebase-ios-sdk" */;
			productName = FirebaseAuth;
		};
		CCA9E3832A9403BF00F570FA /* FirebaseFirestore */ = {
			isa = XCSwiftPackageProductDependency;
			package = CCA9E3802A9403BF00F570FA /* XCRemoteSwiftPackageReference "firebase-ios-sdk" */;
			productName = FirebaseFirestore;
		};
		CCA9E3852A9403BF00F570FA /* FirebaseFirestoreSwift */ = {
			isa = XCSwiftPackageProductDependency;
			package = CCA9E3802A9403BF00F570FA /* XCRemoteSwiftPackageReference "firebase-ios-sdk" */;
			productName = FirebaseFirestoreSwift;
		};
		CCA9E3872A9403BF00F570FA /* FirebaseStorage */ = {
			isa = XCSwiftPackageProductDependency;
			package = CCA9E3802A9403BF00F570FA /* XCRemoteSwiftPackageReference "firebase-ios-sdk" */;
			productName = FirebaseStorage;
		};
/* End XCSwiftPackageProductDependency section */
	};
	rootObject = CCA9E3662A93FF8400F570FA /* Project object */;
}
